// !$*UTF8*$!
{
	archiveVersion = 1;
	classes = {
	};
	objectVersion = 46;
	objects = {

/* Begin PBXBuildFile section */
		3BCED1509EE852CD086947B6 /* libPods-InAppBilling.a in Frameworks */ = {isa = PBXBuildFile; fileRef = CF221A916F52FA3A6738195C /* libPods-InAppBilling.a */; settings = {ATTRIBUTES = (Weak, ); }; };
		D94F97B51D386C89009CEFC2 /* Foundation.framework in Frameworks */ = {isa = PBXBuildFile; fileRef = D94F97B41D386C89009CEFC2 /* Foundation.framework */; };
		D94F97B71D386C98009CEFC2 /* StoreKit.framework in Frameworks */ = {isa = PBXBuildFile; fileRef = D94F97B61D386C98009CEFC2 /* StoreKit.framework */; };
		D94F97B91D386CA4009CEFC2 /* CoreFoundation.framework in Frameworks */ = {isa = PBXBuildFile; fileRef = D94F97B81D386CA4009CEFC2 /* CoreFoundation.framework */; };
		D9EF63B41D38706E00698FB5 /* InAppBillingBridge.m in Sources */ = {isa = PBXBuildFile; fileRef = D9EF63B31D38706E00698FB5 /* InAppBillingBridge.m */; };
/* End PBXBuildFile section */

/* Begin PBXContainerItemProxy section */
		D94F97A31D386838009CEFC2 /* PBXContainerItemProxy */ = {
			isa = PBXContainerItemProxy;
			containerPortal = D94F979E1D386838009CEFC2 /* Pods.xcodeproj */;
			proxyType = 2;
			remoteGlobalIDString = 46782C40268BD0C08CC5A22BB3BCD19A;
			remoteInfo = "Pods-InAppBilling";
		};
		D9E9A1D81D397E4E0029D4E3 /* PBXContainerItemProxy */ = {
			isa = PBXContainerItemProxy;
			containerPortal = D94F979E1D386838009CEFC2 /* Pods.xcodeproj */;
			proxyType = 1;
			remoteGlobalIDString = 8D973482993C06F55600C39FBC463342;
			remoteInfo = "Pods-InAppBilling";
		};
		D9EF63B71D38706E00698FB5 /* PBXContainerItemProxy */ = {
			isa = PBXContainerItemProxy;
			containerPortal = D94F979E1D386838009CEFC2 /* Pods.xcodeproj */;
			proxyType = 2;
			remoteGlobalIDString = D637C6AA4C8F9DDA313C1BD0DA782680;
			remoteInfo = RMStore;
		};
/* End PBXContainerItemProxy section */

/* Begin PBXCopyFilesBuildPhase section */
		58B511D91A9E6C8500147676 /* CopyFiles */ = {
			isa = PBXCopyFilesBuildPhase;
			buildActionMask = 2147483647;
			dstPath = "";
			dstSubfolderSpec = 16;
			files = (
			);
			runOnlyForDeploymentPostprocessing = 0;
		};
/* End PBXCopyFilesBuildPhase section */

/* Begin PBXFileReference section */
		134814201AA4EA6300B7C361 /* libInAppBilling.a */ = {isa = PBXFileReference; explicitFileType = archive.ar; includeInIndex = 0; path = libInAppBilling.a; sourceTree = BUILT_PRODUCTS_DIR; };
		CF221A916F52FA3A6738195C /* libPods-InAppBilling.a */ = {isa = PBXFileReference; explicitFileType = archive.ar; includeInIndex = 0; path = "libPods-InAppBilling.a"; sourceTree = BUILT_PRODUCTS_DIR; };
		D3FF4FDAE1A84FD8F4451687 /* Pods-InAppBilling.release.xcconfig */ = {isa = PBXFileReference; includeInIndex = 1; lastKnownFileType = text.xcconfig; name = "Pods-InAppBilling.release.xcconfig"; path = "Pods/Target Support Files/Pods-InAppBilling/Pods-InAppBilling.release.xcconfig"; sourceTree = "<group>"; };
		D8FACD5CBFABBCAD26B10DD7 /* Pods-InAppBilling.debug.xcconfig */ = {isa = PBXFileReference; includeInIndex = 1; lastKnownFileType = text.xcconfig; name = "Pods-InAppBilling.debug.xcconfig"; path = "Pods/Target Support Files/Pods-InAppBilling/Pods-InAppBilling.debug.xcconfig"; sourceTree = "<group>"; };
		D94F979E1D386838009CEFC2 /* Pods.xcodeproj */ = {isa = PBXFileReference; lastKnownFileType = "wrapper.pb-project"; name = Pods.xcodeproj; path = Pods/Pods.xcodeproj; sourceTree = "<group>"; };
		D94F97B41D386C89009CEFC2 /* Foundation.framework */ = {isa = PBXFileReference; lastKnownFileType = wrapper.framework; name = Foundation.framework; path = System/Library/Frameworks/Foundation.framework; sourceTree = SDKROOT; };
		D94F97B61D386C98009CEFC2 /* StoreKit.framework */ = {isa = PBXFileReference; lastKnownFileType = wrapper.framework; name = StoreKit.framework; path = System/Library/Frameworks/StoreKit.framework; sourceTree = SDKROOT; };
		D94F97B81D386CA4009CEFC2 /* CoreFoundation.framework */ = {isa = PBXFileReference; lastKnownFileType = wrapper.framework; name = CoreFoundation.framework; path = System/Library/Frameworks/CoreFoundation.framework; sourceTree = SDKROOT; };
		D9EF63B21D38706E00698FB5 /* InAppBillingBridge.h */ = {isa = PBXFileReference; fileEncoding = 4; lastKnownFileType = sourcecode.c.h; path = InAppBillingBridge.h; sourceTree = "<group>"; };
		D9EF63B31D38706E00698FB5 /* InAppBillingBridge.m */ = {isa = PBXFileReference; fileEncoding = 4; lastKnownFileType = sourcecode.c.objc; path = InAppBillingBridge.m; sourceTree = "<group>"; };
/* End PBXFileReference section */

/* Begin PBXFrameworksBuildPhase section */
		58B511D81A9E6C8500147676 /* Frameworks */ = {
			isa = PBXFrameworksBuildPhase;
			buildActionMask = 2147483647;
			files = (
				D94F97B91D386CA4009CEFC2 /* CoreFoundation.framework in Frameworks */,
				D94F97B71D386C98009CEFC2 /* StoreKit.framework in Frameworks */,
				D94F97B51D386C89009CEFC2 /* Foundation.framework in Frameworks */,
				3BCED1509EE852CD086947B6 /* libPods-InAppBilling.a in Frameworks */,
			);
			runOnlyForDeploymentPostprocessing = 0;
		};
/* End PBXFrameworksBuildPhase section */

/* Begin PBXGroup section */
		0EB8C1464AB6AB700E74211F /* Frameworks */ = {
			isa = PBXGroup;
			children = (
				D94F97B81D386CA4009CEFC2 /* CoreFoundation.framework */,
				D94F97B61D386C98009CEFC2 /* StoreKit.framework */,
				D94F97B41D386C89009CEFC2 /* Foundation.framework */,
				D94F979E1D386838009CEFC2 /* Pods.xcodeproj */,
				CF221A916F52FA3A6738195C /* libPods-InAppBilling.a */,
			);
			name = Frameworks;
			sourceTree = "<group>";
		};
		134814211AA4EA7D00B7C361 /* Products */ = {
			isa = PBXGroup;
			children = (
				134814201AA4EA6300B7C361 /* libInAppBilling.a */,
			);
			name = Products;
			sourceTree = "<group>";
		};
		54318E504CBEBB5306B6A0D7 /* Pods */ = {
			isa = PBXGroup;
			children = (
				D8FACD5CBFABBCAD26B10DD7 /* Pods-InAppBilling.debug.xcconfig */,
				D3FF4FDAE1A84FD8F4451687 /* Pods-InAppBilling.release.xcconfig */,
			);
			name = Pods;
			sourceTree = "<group>";
		};
		58B511D21A9E6C8500147676 = {
			isa = PBXGroup;
			children = (
				D9EF63B21D38706E00698FB5 /* InAppBillingBridge.h */,
				D9EF63B31D38706E00698FB5 /* InAppBillingBridge.m */,
				134814211AA4EA7D00B7C361 /* Products */,
				54318E504CBEBB5306B6A0D7 /* Pods */,
				0EB8C1464AB6AB700E74211F /* Frameworks */,
			);
			sourceTree = "<group>";
		};
		D94F979F1D386838009CEFC2 /* Products */ = {
			isa = PBXGroup;
			children = (
				D94F97A41D386838009CEFC2 /* libPods-InAppBilling.a */,
				D9EF63B81D38706E00698FB5 /* libRMStore.a */,
			);
			name = Products;
			sourceTree = "<group>";
		};
/* End PBXGroup section */

/* Begin PBXNativeTarget section */
		58B511DA1A9E6C8500147676 /* InAppBilling */ = {
			isa = PBXNativeTarget;
			buildConfigurationList = 58B511EF1A9E6C8500147676 /* Build configuration list for PBXNativeTarget "InAppBilling" */;
			buildPhases = (
				1D8FBC51126BB6F754035BB6 /* [CP] Check Pods Manifest.lock */,
				58B511D71A9E6C8500147676 /* Sources */,
				58B511D81A9E6C8500147676 /* Frameworks */,
				58B511D91A9E6C8500147676 /* CopyFiles */,
				399B564B4417E8A8245B0463 /* [CP] Copy Pods Resources */,
			);
			buildRules = (
			);
			dependencies = (
				D9E9A1D91D397E4E0029D4E3 /* PBXTargetDependency */,
			);
			name = InAppBilling;
			productName = RCTDataManager;
			productReference = 134814201AA4EA6300B7C361 /* libInAppBilling.a */;
			productType = "com.apple.product-type.library.static";
		};
/* End PBXNativeTarget section */

/* Begin PBXProject section */
		58B511D31A9E6C8500147676 /* Project object */ = {
			isa = PBXProject;
			attributes = {
				LastUpgradeCheck = 0720;
				ORGANIZATIONNAME = Facebook;
				TargetAttributes = {
					58B511DA1A9E6C8500147676 = {
						CreatedOnToolsVersion = 6.1.1;
					};
				};
			};
			buildConfigurationList = 58B511D61A9E6C8500147676 /* Build configuration list for PBXProject "InAppBilling" */;
			compatibilityVersion = "Xcode 3.2";
			developmentRegion = English;
			hasScannedForEncodings = 0;
			knownRegions = (
				en,
			);
			mainGroup = 58B511D21A9E6C8500147676;
			productRefGroup = 58B511D21A9E6C8500147676;
			projectDirPath = "";
			projectReferences = (
				{
					ProductGroup = D94F979F1D386838009CEFC2 /* Products */;
					ProjectRef = D94F979E1D386838009CEFC2 /* Pods.xcodeproj */;
				},
			);
			projectRoot = "";
			targets = (
				58B511DA1A9E6C8500147676 /* InAppBilling */,
			);
		};
/* End PBXProject section */

/* Begin PBXReferenceProxy section */
		D94F97A41D386838009CEFC2 /* libPods-InAppBilling.a */ = {
			isa = PBXReferenceProxy;
			fileType = archive.ar;
			path = "libPods-InAppBilling.a";
			remoteRef = D94F97A31D386838009CEFC2 /* PBXContainerItemProxy */;
			sourceTree = BUILT_PRODUCTS_DIR;
		};
		D9EF63B81D38706E00698FB5 /* libRMStore.a */ = {
			isa = PBXReferenceProxy;
			fileType = archive.ar;
			path = libRMStore.a;
			remoteRef = D9EF63B71D38706E00698FB5 /* PBXContainerItemProxy */;
			sourceTree = BUILT_PRODUCTS_DIR;
		};
/* End PBXReferenceProxy section */

/* Begin PBXShellScriptBuildPhase section */
		1D8FBC51126BB6F754035BB6 /* [CP] Check Pods Manifest.lock */ = {
			isa = PBXShellScriptBuildPhase;
			buildActionMask = 2147483647;
			files = (
			);
			inputPaths = (
			);
			name = "[CP] Check Pods Manifest.lock";
			outputPaths = (
			);
			runOnlyForDeploymentPostprocessing = 0;
			shellPath = /bin/sh;
			shellScript = "diff \"${PODS_ROOT}/../Podfile.lock\" \"${PODS_ROOT}/Manifest.lock\" > /dev/null\nif [[ $? != 0 ]] ; then\n    cat << EOM\nerror: The sandbox is not in sync with the Podfile.lock. Run 'pod install' or update your CocoaPods installation.\nEOM\n    exit 1\nfi\n";
			showEnvVarsInLog = 0;
		};
		399B564B4417E8A8245B0463 /* [CP] Copy Pods Resources */ = {
			isa = PBXShellScriptBuildPhase;
			buildActionMask = 2147483647;
			files = (
			);
			inputPaths = (
			);
			name = "[CP] Copy Pods Resources";
			outputPaths = (
			);
			runOnlyForDeploymentPostprocessing = 0;
			shellPath = /bin/sh;
			shellScript = "\"${SRCROOT}/Pods/Target Support Files/Pods-InAppBilling/Pods-InAppBilling-resources.sh\"\n";
			showEnvVarsInLog = 0;
		};
/* End PBXShellScriptBuildPhase section */

/* Begin PBXSourcesBuildPhase section */
		58B511D71A9E6C8500147676 /* Sources */ = {
			isa = PBXSourcesBuildPhase;
			buildActionMask = 2147483647;
			files = (
				D9EF63B41D38706E00698FB5 /* InAppBillingBridge.m in Sources */,
			);
			runOnlyForDeploymentPostprocessing = 0;
		};
/* End PBXSourcesBuildPhase section */

/* Begin PBXTargetDependency section */
		D9E9A1D91D397E4E0029D4E3 /* PBXTargetDependency */ = {
			isa = PBXTargetDependency;
			name = "Pods-InAppBilling";
			targetProxy = D9E9A1D81D397E4E0029D4E3 /* PBXContainerItemProxy */;
		};
/* End PBXTargetDependency section */

/* Begin XCBuildConfiguration section */
		58B511ED1A9E6C8500147676 /* Debug */ = {
			isa = XCBuildConfiguration;
			buildSettings = {
				ALWAYS_SEARCH_USER_PATHS = NO;
				CLANG_CXX_LANGUAGE_STANDARD = "gnu++0x";
				CLANG_CXX_LIBRARY = "libc++";
				CLANG_ENABLE_MODULES = YES;
				CLANG_ENABLE_OBJC_ARC = YES;
				CLANG_WARN_BOOL_CONVERSION = YES;
				CLANG_WARN_CONSTANT_CONVERSION = YES;
				CLANG_WARN_DIRECT_OBJC_ISA_USAGE = YES_ERROR;
				CLANG_WARN_EMPTY_BODY = YES;
				CLANG_WARN_ENUM_CONVERSION = YES;
				CLANG_WARN_INT_CONVERSION = YES;
				CLANG_WARN_OBJC_ROOT_CLASS = YES_ERROR;
				CLANG_WARN_UNREACHABLE_CODE = YES;
				CLANG_WARN__DUPLICATE_METHOD_MATCH = YES;
				COPY_PHASE_STRIP = NO;
				ENABLE_STRICT_OBJC_MSGSEND = YES;
				ENABLE_TESTABILITY = YES;
				GCC_C_LANGUAGE_STANDARD = gnu99;
				GCC_DYNAMIC_NO_PIC = NO;
				GCC_OPTIMIZATION_LEVEL = 0;
				GCC_PREPROCESSOR_DEFINITIONS = (
					"DEBUG=1",
					"$(inherited)",
				);
				GCC_SYMBOLS_PRIVATE_EXTERN = NO;
				GCC_WARN_64_TO_32_BIT_CONVERSION = YES;
				GCC_WARN_ABOUT_RETURN_TYPE = YES_ERROR;
				GCC_WARN_UNDECLARED_SELECTOR = YES;
				GCC_WARN_UNINITIALIZED_AUTOS = YES_AGGRESSIVE;
				GCC_WARN_UNUSED_FUNCTION = YES;
				GCC_WARN_UNUSED_VARIABLE = YES;
				IPHONEOS_DEPLOYMENT_TARGET = 7.0;
				MTL_ENABLE_DEBUG_INFO = YES;
				ONLY_ACTIVE_ARCH = YES;
				SDKROOT = iphoneos;
			};
			name = Debug;
		};
		58B511EE1A9E6C8500147676 /* Release */ = {
			isa = XCBuildConfiguration;
			buildSettings = {
				ALWAYS_SEARCH_USER_PATHS = NO;
				CLANG_CXX_LANGUAGE_STANDARD = "gnu++0x";
				CLANG_CXX_LIBRARY = "libc++";
				CLANG_ENABLE_MODULES = YES;
				CLANG_ENABLE_OBJC_ARC = YES;
				CLANG_WARN_BOOL_CONVERSION = YES;
				CLANG_WARN_CONSTANT_CONVERSION = YES;
				CLANG_WARN_DIRECT_OBJC_ISA_USAGE = YES_ERROR;
				CLANG_WARN_EMPTY_BODY = YES;
				CLANG_WARN_ENUM_CONVERSION = YES;
				CLANG_WARN_INT_CONVERSION = YES;
				CLANG_WARN_OBJC_ROOT_CLASS = YES_ERROR;
				CLANG_WARN_UNREACHABLE_CODE = YES;
				CLANG_WARN__DUPLICATE_METHOD_MATCH = YES;
				COPY_PHASE_STRIP = YES;
				ENABLE_NS_ASSERTIONS = NO;
				ENABLE_STRICT_OBJC_MSGSEND = YES;
				GCC_C_LANGUAGE_STANDARD = gnu99;
				GCC_WARN_64_TO_32_BIT_CONVERSION = YES;
				GCC_WARN_ABOUT_RETURN_TYPE = YES_ERROR;
				GCC_WARN_UNDECLARED_SELECTOR = YES;
				GCC_WARN_UNINITIALIZED_AUTOS = YES_AGGRESSIVE;
				GCC_WARN_UNUSED_FUNCTION = YES;
				GCC_WARN_UNUSED_VARIABLE = YES;
				IPHONEOS_DEPLOYMENT_TARGET = 7.0;
				MTL_ENABLE_DEBUG_INFO = NO;
				SDKROOT = iphoneos;
				VALIDATE_PRODUCT = YES;
			};
			name = Release;
		};
		58B511F01A9E6C8500147676 /* Debug */ = {
			isa = XCBuildConfiguration;
			baseConfigurationReference = D8FACD5CBFABBCAD26B10DD7 /* Pods-InAppBilling.debug.xcconfig */;
			buildSettings = {
				CLANG_ALLOW_NON_MODULAR_INCLUDES_IN_FRAMEWORK_MODULES = NO;
				CLANG_ENABLE_MODULES = YES;
				DEFINES_MODULE = NO;
				EMBEDDED_CONTENT_CONTAINS_SWIFT = "$(inherited)";
				ENABLE_BITCODE = NO;
				FRAMEWORK_SEARCH_PATHS = (
					"$(inherited)",
					"\"$PODS_CONFIGURATION_BUILD_DIR/\"/**",
				);
				HEADER_SEARCH_PATHS = (
					"$(inherited)",
					"$(SRCROOT)/../../react-native/Libraries/LinkingIOS/**",
					"$(SRCROOT)/../../node_modules/React/**",
					"$(SRCROOT)/../../../React/**",
					"$(SRCROOT)/../node_modules/react-native/React/**",
					"$(SRCROOT)/../../react-native/React/**",
				);
				INSTALL_PATH = "@executable_path/Frameworks";
				IPHONEOS_DEPLOYMENT_TARGET = 9.0;
				LD_RUNPATH_SEARCH_PATHS = "$(inherited) @executable_path/Frameworks @loader_path/Frameworks";
				LIBRARY_SEARCH_PATHS = "$(inherited)";
				MACH_O_TYPE = mh_dylib;
				ONLY_ACTIVE_ARCH = YES;
				OTHER_LDFLAGS = (
					"$(inherited)",
					"-undefined",
					dynamic_lookup,
					"-lc++",
					"-ObjC",
				);
				PRODUCT_NAME = InAppBilling;
				SKIP_INSTALL = YES;
				SWIFT_OBJC_BRIDGING_HEADER = "$(SRCROOT)/InAppBilling-Bridging-Header.h";
				SWIFT_OPTIMIZATION_LEVEL = "-Onone";
				VALID_ARCHS = "arm64 armv7 armv7s";
			};
			name = Debug;
		};
		58B511F11A9E6C8500147676 /* Release */ = {
			isa = XCBuildConfiguration;
			baseConfigurationReference = D3FF4FDAE1A84FD8F4451687 /* Pods-InAppBilling.release.xcconfig */;
			buildSettings = {
				CLANG_ALLOW_NON_MODULAR_INCLUDES_IN_FRAMEWORK_MODULES = NO;
				CLANG_ENABLE_MODULES = YES;
				DEFINES_MODULE = NO;
				EMBEDDED_CONTENT_CONTAINS_SWIFT = "$(inherited)";
				ENABLE_BITCODE = NO;
				FRAMEWORK_SEARCH_PATHS = (
					"$(inherited)",
					"\"$PODS_CONFIGURATION_BUILD_DIR/RMStore\"",
					"$(PROJECT_DIR)/build/Debug-iphoneos/RMStore",
				);
				HEADER_SEARCH_PATHS = (
					"$(inherited)",
					"$(SRCROOT)/../../react-native/Libraries/LinkingIOS/**",
					"$(SRCROOT)/../../node_modules/React/**",
					"$(SRCROOT)/../../../React/**",
					"$(SRCROOT)/../node_modules/react-native/React/**",
					"$(SRCROOT)/../../react-native/React/**",
				);
				INSTALL_PATH = "@executable_path/Frameworks";
				IPHONEOS_DEPLOYMENT_TARGET = 9.0;
				LD_RUNPATH_SEARCH_PATHS = "$(inherited) @executable_path/Frameworks @loader_path/Frameworks";
				LIBRARY_SEARCH_PATHS = "$(inherited)";
				MACH_O_TYPE = mh_dylib;
				ONLY_ACTIVE_ARCH = NO;
				OTHER_LDFLAGS = (
					"$(inherited)",
					"-undefined",
					dynamic_lookup,
					"-lc++",
					"-ObjC",
				);
				PRODUCT_NAME = InAppBilling;
				SKIP_INSTALL = YES;
				SWIFT_OBJC_BRIDGING_HEADER = "$(SRCROOT)/InAppBilling-Bridging-Header.h";
				VALID_ARCHS = "arm64 armv7 armv7s";
			};
			name = Release;
		};
/* End XCBuildConfiguration section */

/* Begin XCConfigurationList section */
		58B511D61A9E6C8500147676 /* Build configuration list for PBXProject "InAppBilling" */ = {
			isa = XCConfigurationList;
			buildConfigurations = (
				58B511ED1A9E6C8500147676 /* Debug */,
				58B511EE1A9E6C8500147676 /* Release */,
			);
			defaultConfigurationIsVisible = 0;
			defaultConfigurationName = Release;
		};
		58B511EF1A9E6C8500147676 /* Build configuration list for PBXNativeTarget "InAppBilling" */ = {
			isa = XCConfigurationList;
			buildConfigurations = (
				58B511F01A9E6C8500147676 /* Debug */,
				58B511F11A9E6C8500147676 /* Release */,
			);
			defaultConfigurationIsVisible = 0;
			defaultConfigurationName = Release;
		};
/* End XCConfigurationList section */
	};
	rootObject = 58B511D31A9E6C8500147676 /* Project object */;
}
